
Microsoft Visual Studio Solution File, Format Version 12.00
# Visual Studio Version 17
VisualStudioVersion = 17.11.35327.3
MinimumVisualStudioVersion = 10.0.40219.1
Project("{FAE04EC0-301F-11D3-BF4B-00C04F79EFBC}") = "Coins", "Coins\Coins.csproj", "{F887BF6D-5477-4A9A-86F5-B26BC259E594}"
EndProject
Global
	GlobalSection(SolutionConfigurationPlatforms) = preSolution
		Debug|Any CPU = Debug|Any CPU
		Release|Any CPU = Release|Any CPU
	EndGlobalSection
	GlobalSection(ProjectConfigurationPlatforms) = postSolution
		{F887BF6D-5477-4A9A-86F5-B26BC259E594}.Debug|Any CPU.ActiveCfg = Debug|Any CPU
		{F887BF6D-5477-4A9A-86F5-B26BC259E594}.Debug|Any CPU.Build.0 = Debug|Any CPU
		{F887BF6D-5477-4A9A-86F5-B26BC259E594}.Release|Any CPU.ActiveCfg = Release|Any CPU
		{F887BF6D-5477-4A9A-86F5-B26BC259E594}.Release|Any CPU.Build.0 = Release|Any CPU
	EndGlobalSection
	GlobalSection(SolutionProperties) = preSolution
		HideSolutionNode = FALSE
	EndGlobalSection
	GlobalSection(ExtensibilityGlobals) = postSolution
		SolutionGuid = {C0B51724-9B8F-475C-B63B-9C5F9C0C318D}
	EndGlobalSection
EndGlobal
